// !$*UTF8*$!
{
	archiveVersion = 1;
	classes = {
	};
	objectVersion = 50;
	objects = {

/* Begin PBXBuildFile section */
		DD4F10F420A048C50004FDEE /* AppDelegate.swift in Sources */ = {isa = PBXBuildFile; fileRef = DD4F10F320A048C50004FDEE /* AppDelegate.swift */; };
		DD4F10F620A048C50004FDEE /* ViewController.swift in Sources */ = {isa = PBXBuildFile; fileRef = DD4F10F520A048C50004FDEE /* ViewController.swift */; };
		DD4F10F920A048C50004FDEE /* Main.storyboard in Resources */ = {isa = PBXBuildFile; fileRef = DD4F10F720A048C50004FDEE /* Main.storyboard */; };
		DD4F10FB20A048C60004FDEE /* Assets.xcassets in Resources */ = {isa = PBXBuildFile; fileRef = DD4F10FA20A048C60004FDEE /* Assets.xcassets */; };
		DD4F10FE20A048C60004FDEE /* LaunchScreen.storyboard in Resources */ = {isa = PBXBuildFile; fileRef = DD4F10FC20A048C60004FDEE /* LaunchScreen.storyboard */; };
		DD4F110920A048C70004FDEE /* FacebookActionSheetTests.swift in Sources */ = {isa = PBXBuildFile; fileRef = DD4F110820A048C70004FDEE /* FacebookActionSheetTests.swift */; };
		DD4F111420A048C70004FDEE /* FacebookActionSheetUITests.swift in Sources */ = {isa = PBXBuildFile; fileRef = DD4F111320A048C70004FDEE /* FacebookActionSheetUITests.swift */; };
		DD4F112320A04A180004FDEE /* ActionItem.swift in Sources */ = {isa = PBXBuildFile; fileRef = DD4F112220A04A180004FDEE /* ActionItem.swift */; };
/* End PBXBuildFile section */

/* Begin PBXContainerItemProxy section */
		DD4F110520A048C70004FDEE /* PBXContainerItemProxy */ = {
			isa = PBXContainerItemProxy;
			containerPortal = DD4F10E820A048C50004FDEE /* Project object */;
			proxyType = 1;
			remoteGlobalIDString = DD4F10EF20A048C50004FDEE;
			remoteInfo = FacebookActionSheet;
		};
		DD4F111020A048C70004FDEE /* PBXContainerItemProxy */ = {
			isa = PBXContainerItemProxy;
			containerPortal = DD4F10E820A048C50004FDEE /* Project object */;
			proxyType = 1;
			remoteGlobalIDString = DD4F10EF20A048C50004FDEE;
			remoteInfo = FacebookActionSheet;
		};
/* End PBXContainerItemProxy section */

/* Begin PBXFileReference section */
		DD4F10F020A048C50004FDEE /* FacebookActionSheet.app */ = {isa = PBXFileReference; explicitFileType = wrapper.application; includeInIndex = 0; path = FacebookActionSheet.app; sourceTree = BUILT_PRODUCTS_DIR; };
		DD4F10F320A048C50004FDEE /* AppDelegate.swift */ = {isa = PBXFileReference; lastKnownFileType = sourcecode.swift; path = AppDelegate.swift; sourceTree = "<group>"; };
		DD4F10F520A048C50004FDEE /* ViewController.swift */ = {isa = PBXFileReference; lastKnownFileType = sourcecode.swift; path = ViewController.swift; sourceTree = "<group>"; };
		DD4F10F820A048C50004FDEE /* Base */ = {isa = PBXFileReference; lastKnownFileType = file.storyboard; name = Base; path = Base.lproj/Main.storyboard; sourceTree = "<group>"; };
		DD4F10FA20A048C60004FDEE /* Assets.xcassets */ = {isa = PBXFileReference; lastKnownFileType = folder.assetcatalog; path = Assets.xcassets; sourceTree = "<group>"; };
		DD4F10FD20A048C60004FDEE /* Base */ = {isa = PBXFileReference; lastKnownFileType = file.storyboard; name = Base; path = Base.lproj/LaunchScreen.storyboard; sourceTree = "<group>"; };
		DD4F10FF20A048C60004FDEE /* Info.plist */ = {isa = PBXFileReference; lastKnownFileType = text.plist.xml; path = Info.plist; sourceTree = "<group>"; };
		DD4F110420A048C70004FDEE /* FacebookActionSheetTests.xctest */ = {isa = PBXFileReference; explicitFileType = wrapper.cfbundle; includeInIndex = 0; path = FacebookActionSheetTests.xctest; sourceTree = BUILT_PRODUCTS_DIR; };
		DD4F110820A048C70004FDEE /* FacebookActionSheetTests.swift */ = {isa = PBXFileReference; lastKnownFileType = sourcecode.swift; path = FacebookActionSheetTests.swift; sourceTree = "<group>"; };
		DD4F110A20A048C70004FDEE /* Info.plist */ = {isa = PBXFileReference; lastKnownFileType = text.plist.xml; path = Info.plist; sourceTree = "<group>"; };
		DD4F110F20A048C70004FDEE /* FacebookActionSheetUITests.xctest */ = {isa = PBXFileReference; explicitFileType = wrapper.cfbundle; includeInIndex = 0; path = FacebookActionSheetUITests.xctest; sourceTree = BUILT_PRODUCTS_DIR; };
		DD4F111320A048C70004FDEE /* FacebookActionSheetUITests.swift */ = {isa = PBXFileReference; lastKnownFileType = sourcecode.swift; path = FacebookActionSheetUITests.swift; sourceTree = "<group>"; };
		DD4F111520A048C70004FDEE /* Info.plist */ = {isa = PBXFileReference; lastKnownFileType = text.plist.xml; path = Info.plist; sourceTree = "<group>"; };
		DD4F112220A04A180004FDEE /* ActionItem.swift */ = {isa = PBXFileReference; lastKnownFileType = sourcecode.swift; path = ActionItem.swift; sourceTree = "<group>"; };
/* End PBXFileReference section */

/* Begin PBXFrameworksBuildPhase section */
		DD4F10ED20A048C50004FDEE /* Frameworks */ = {
			isa = PBXFrameworksBuildPhase;
			buildActionMask = 2147483647;
			files = (
			);
			runOnlyForDeploymentPostprocessing = 0;
		};
		DD4F110120A048C70004FDEE /* Frameworks */ = {
			isa = PBXFrameworksBuildPhase;
			buildActionMask = 2147483647;
			files = (
			);
			runOnlyForDeploymentPostprocessing = 0;
		};
		DD4F110C20A048C70004FDEE /* Frameworks */ = {
			isa = PBXFrameworksBuildPhase;
			buildActionMask = 2147483647;
			files = (
			);
			runOnlyForDeploymentPostprocessing = 0;
		};
/* End PBXFrameworksBuildPhase section */

/* Begin PBXGroup section */
		DD4F10E720A048C50004FDEE = {
			isa = PBXGroup;
			children = (
				DD4F10F220A048C50004FDEE /* FacebookActionSheet */,
				DD4F110720A048C70004FDEE /* FacebookActionSheetTests */,
				DD4F111220A048C70004FDEE /* FacebookActionSheetUITests */,
				DD4F10F120A048C50004FDEE /* Products */,
			);
			sourceTree = "<group>";
		};
		DD4F10F120A048C50004FDEE /* Products */ = {
			isa = PBXGroup;
			children = (
				DD4F10F020A048C50004FDEE /* FacebookActionSheet.app */,
				DD4F110420A048C70004FDEE /* FacebookActionSheetTests.xctest */,
				DD4F110F20A048C70004FDEE /* FacebookActionSheetUITests.xctest */,
			);
			name = Products;
			sourceTree = "<group>";
		};
		DD4F10F220A048C50004FDEE /* FacebookActionSheet */ = {
			isa = PBXGroup;
			children = (
				DD4F112120A04A010004FDEE /* Model */,
				DD4F10F320A048C50004FDEE /* AppDelegate.swift */,
				DD4F10F520A048C50004FDEE /* ViewController.swift */,
				DD4F10F720A048C50004FDEE /* Main.storyboard */,
				DD4F10FA20A048C60004FDEE /* Assets.xcassets */,
				DD4F10FC20A048C60004FDEE /* LaunchScreen.storyboard */,
				DD4F10FF20A048C60004FDEE /* Info.plist */,
			);
			path = FacebookActionSheet;
			sourceTree = "<group>";
		};
		DD4F110720A048C70004FDEE /* FacebookActionSheetTests */ = {
			isa = PBXGroup;
			children = (
				DD4F110820A048C70004FDEE /* FacebookActionSheetTests.swift */,
				DD4F110A20A048C70004FDEE /* Info.plist */,
			);
			path = FacebookActionSheetTests;
			sourceTree = "<group>";
		};
		DD4F111220A048C70004FDEE /* FacebookActionSheetUITests */ = {
			isa = PBXGroup;
			children = (
				DD4F111320A048C70004FDEE /* FacebookActionSheetUITests.swift */,
				DD4F111520A048C70004FDEE /* Info.plist */,
			);
			path = FacebookActionSheetUITests;
			sourceTree = "<group>";
		};
		DD4F112120A04A010004FDEE /* Model */ = {
			isa = PBXGroup;
			children = (
				DD4F112220A04A180004FDEE /* ActionItem.swift */,
			);
			path = Model;
			sourceTree = "<group>";
		};
/* End PBXGroup section */

/* Begin PBXNativeTarget section */
		DD4F10EF20A048C50004FDEE /* FacebookActionSheet */ = {
			isa = PBXNativeTarget;
			buildConfigurationList = DD4F111820A048C70004FDEE /* Build configuration list for PBXNativeTarget "FacebookActionSheet" */;
			buildPhases = (
				DD4F10EC20A048C50004FDEE /* Sources */,
				DD4F10ED20A048C50004FDEE /* Frameworks */,
				DD4F10EE20A048C50004FDEE /* Resources */,
			);
			buildRules = (
			);
			dependencies = (
			);
			name = FacebookActionSheet;
			productName = FacebookActionSheet;
			productReference = DD4F10F020A048C50004FDEE /* FacebookActionSheet.app */;
			productType = "com.apple.product-type.application";
		};
		DD4F110320A048C70004FDEE /* FacebookActionSheetTests */ = {
			isa = PBXNativeTarget;
			buildConfigurationList = DD4F111B20A048C70004FDEE /* Build configuration list for PBXNativeTarget "FacebookActionSheetTests" */;
			buildPhases = (
				DD4F110020A048C70004FDEE /* Sources */,
				DD4F110120A048C70004FDEE /* Frameworks */,
				DD4F110220A048C70004FDEE /* Resources */,
			);
			buildRules = (
			);
			dependencies = (
				DD4F110620A048C70004FDEE /* PBXTargetDependency */,
			);
			name = FacebookActionSheetTests;
			productName = FacebookActionSheetTests;
			productReference = DD4F110420A048C70004FDEE /* FacebookActionSheetTests.xctest */;
			productType = "com.apple.product-type.bundle.unit-test";
		};
		DD4F110E20A048C70004FDEE /* FacebookActionSheetUITests */ = {
			isa = PBXNativeTarget;
			buildConfigurationList = DD4F111E20A048C70004FDEE /* Build configuration list for PBXNativeTarget "FacebookActionSheetUITests" */;
			buildPhases = (
				DD4F110B20A048C70004FDEE /* Sources */,
				DD4F110C20A048C70004FDEE /* Frameworks */,
				DD4F110D20A048C70004FDEE /* Resources */,
			);
			buildRules = (
			);
			dependencies = (
				DD4F111120A048C70004FDEE /* PBXTargetDependency */,
			);
			name = FacebookActionSheetUITests;
			productName = FacebookActionSheetUITests;
			productReference = DD4F110F20A048C70004FDEE /* FacebookActionSheetUITests.xctest */;
			productType = "com.apple.product-type.bundle.ui-testing";
		};
/* End PBXNativeTarget section */

/* Begin PBXProject section */
		DD4F10E820A048C50004FDEE /* Project object */ = {
			isa = PBXProject;
			attributes = {
				LastSwiftUpdateCheck = 0930;
				LastUpgradeCheck = 0930;
				ORGANIZATIONNAME = Thanathip;
				TargetAttributes = {
					DD4F10EF20A048C50004FDEE = {
						CreatedOnToolsVersion = 9.3;
					};
					DD4F110320A048C70004FDEE = {
						CreatedOnToolsVersion = 9.3;
						TestTargetID = DD4F10EF20A048C50004FDEE;
					};
					DD4F110E20A048C70004FDEE = {
						CreatedOnToolsVersion = 9.3;
						TestTargetID = DD4F10EF20A048C50004FDEE;
					};
				};
			};
			buildConfigurationList = DD4F10EB20A048C50004FDEE /* Build configuration list for PBXProject "FacebookActionSheet" */;
			compatibilityVersion = "Xcode 9.3";
			developmentRegion = en;
			hasScannedForEncodings = 0;
			knownRegions = (
				en,
				Base,
			);
			mainGroup = DD4F10E720A048C50004FDEE;
			productRefGroup = DD4F10F120A048C50004FDEE /* Products */;
			projectDirPath = "";
			projectRoot = "";
			targets = (
				DD4F10EF20A048C50004FDEE /* FacebookActionSheet */,
				DD4F110320A048C70004FDEE /* FacebookActionSheetTests */,
				DD4F110E20A048C70004FDEE /* FacebookActionSheetUITests */,
			);
		};
/* End PBXProject section */

/* Begin PBXResourcesBuildPhase section */
		DD4F10EE20A048C50004FDEE /* Resources */ = {
			isa = PBXResourcesBuildPhase;
			buildActionMask = 2147483647;
			files = (
				DD4F10FE20A048C60004FDEE /* LaunchScreen.storyboard in Resources */,
				DD4F10FB20A048C60004FDEE /* Assets.xcassets in Resources */,
				DD4F10F920A048C50004FDEE /* Main.storyboard in Resources */,
			);
			runOnlyForDeploymentPostprocessing = 0;
		};
		DD4F110220A048C70004FDEE /* Resources */ = {
			isa = PBXResourcesBuildPhase;
			buildActionMask = 2147483647;
			files = (
			);
			runOnlyForDeploymentPostprocessing = 0;
		};
		DD4F110D20A048C70004FDEE /* Resources */ = {
			isa = PBXResourcesBuildPhase;
			buildActionMask = 2147483647;
			files = (
			);
			runOnlyForDeploymentPostprocessing = 0;
		};
/* End PBXResourcesBuildPhase section */

/* Begin PBXSourcesBuildPhase section */
		DD4F10EC20A048C50004FDEE /* Sources */ = {
			isa = PBXSourcesBuildPhase;
			buildActionMask = 2147483647;
			files = (
				DD4F10F620A048C50004FDEE /* ViewController.swift in Sources */,
				DD4F10F420A048C50004FDEE /* AppDelegate.swift in Sources */,
				DD4F112320A04A180004FDEE /* ActionItem.swift in Sources */,
			);
			runOnlyForDeploymentPostprocessing = 0;
		};
		DD4F110020A048C70004FDEE /* Sources */ = {
			isa = PBXSourcesBuildPhase;
			buildActionMask = 2147483647;
			files = (
				DD4F110920A048C70004FDEE /* FacebookActionSheetTests.swift in Sources */,
			);
			runOnlyForDeploymentPostprocessing = 0;
		};
		DD4F110B20A048C70004FDEE /* Sources */ = {
			isa = PBXSourcesBuildPhase;
			buildActionMask = 2147483647;
			files = (
				DD4F111420A048C70004FDEE /* FacebookActionSheetUITests.swift in Sources */,
			);
			runOnlyForDeploymentPostprocessing = 0;
		};
/* End PBXSourcesBuildPhase section */

/* Begin PBXTargetDependency section */
		DD4F110620A048C70004FDEE /* PBXTargetDependency */ = {
			isa = PBXTargetDependency;
			target = DD4F10EF20A048C50004FDEE /* FacebookActionSheet */;
			targetProxy = DD4F110520A048C70004FDEE /* PBXContainerItemProxy */;
		};
		DD4F111120A048C70004FDEE /* PBXTargetDependency */ = {
			isa = PBXTargetDependency;
			target = DD4F10EF20A048C50004FDEE /* FacebookActionSheet */;
			targetProxy = DD4F111020A048C70004FDEE /* PBXContainerItemProxy */;
		};
/* End PBXTargetDependency section */

/* Begin PBXVariantGroup section */
		DD4F10F720A048C50004FDEE /* Main.storyboard */ = {
			isa = PBXVariantGroup;
			children = (
				DD4F10F820A048C50004FDEE /* Base */,
			);
			name = Main.storyboard;
			sourceTree = "<group>";
		};
		DD4F10FC20A048C60004FDEE /* LaunchScreen.storyboard */ = {
			isa = PBXVariantGroup;
			children = (
				DD4F10FD20A048C60004FDEE /* Base */,
			);
			name = LaunchScreen.storyboard;
			sourceTree = "<group>";
		};
/* End PBXVariantGroup section */

/* Begin XCBuildConfiguration section */
		DD4F111620A048C70004FDEE /* Debug */ = {
			isa = XCBuildConfiguration;
			buildSettings = {
				ALWAYS_SEARCH_USER_PATHS = NO;
				CLANG_ANALYZER_NONNULL = YES;
				CLANG_ANALYZER_NUMBER_OBJECT_CONVERSION = YES_AGGRESSIVE;
				CLANG_CXX_LANGUAGE_STANDARD = "gnu++14";
				CLANG_CXX_LIBRARY = "libc++";
				CLANG_ENABLE_MODULES = YES;
				CLANG_ENABLE_OBJC_ARC = YES;
				CLANG_ENABLE_OBJC_WEAK = YES;
				CLANG_WARN_BLOCK_CAPTURE_AUTORELEASING = YES;
				CLANG_WARN_BOOL_CONVERSION = YES;
				CLANG_WARN_COMMA = YES;
				CLANG_WARN_CONSTANT_CONVERSION = YES;
				CLANG_WARN_DEPRECATED_OBJC_IMPLEMENTATIONS = YES;
				CLANG_WARN_DIRECT_OBJC_ISA_USAGE = YES_ERROR;
				CLANG_WARN_DOCUMENTATION_COMMENTS = YES;
				CLANG_WARN_EMPTY_BODY = YES;
				CLANG_WARN_ENUM_CONVERSION = YES;
				CLANG_WARN_INFINITE_RECURSION = YES;
				CLANG_WARN_INT_CONVERSION = YES;
				CLANG_WARN_NON_LITERAL_NULL_CONVERSION = YES;
				CLANG_WARN_OBJC_IMPLICIT_RETAIN_SELF = YES;
				CLANG_WARN_OBJC_LITERAL_CONVERSION = YES;
				CLANG_WARN_OBJC_ROOT_CLASS = YES_ERROR;
				CLANG_WARN_RANGE_LOOP_ANALYSIS = YES;
				CLANG_WARN_STRICT_PROTOTYPES = YES;
				CLANG_WARN_SUSPICIOUS_MOVE = YES;
				CLANG_WARN_UNGUARDED_AVAILABILITY = YES_AGGRESSIVE;
				CLANG_WARN_UNREACHABLE_CODE = YES;
				CLANG_WARN__DUPLICATE_METHOD_MATCH = YES;
				CODE_SIGN_IDENTITY = "iPhone Developer";
				COPY_PHASE_STRIP = NO;
				DEBUG_INFORMATION_FORMAT = dwarf;
				ENABLE_STRICT_OBJC_MSGSEND = YES;
				ENABLE_TESTABILITY = YES;
				GCC_C_LANGUAGE_STANDARD = gnu11;
				GCC_DYNAMIC_NO_PIC = NO;
				GCC_NO_COMMON_BLOCKS = YES;
				GCC_OPTIMIZATION_LEVEL = 0;
				GCC_PREPROCESSOR_DEFINITIONS = (
					"DEBUG=1",
					"$(inherited)",
				);
				GCC_WARN_64_TO_32_BIT_CONVERSION = YES;
				GCC_WARN_ABOUT_RETURN_TYPE = YES_ERROR;
				GCC_WARN_UNDECLARED_SELECTOR = YES;
				GCC_WARN_UNINITIALIZED_AUTOS = YES_AGGRESSIVE;
				GCC_WARN_UNUSED_FUNCTION = YES;
				GCC_WARN_UNUSED_VARIABLE = YES;
				IPHONEOS_DEPLOYMENT_TARGET = 11.3;
				MTL_ENABLE_DEBUG_INFO = YES;
				ONLY_ACTIVE_ARCH = YES;
				SDKROOT = iphoneos;
				SWIFT_ACTIVE_COMPILATION_CONDITIONS = DEBUG;
				SWIFT_OPTIMIZATION_LEVEL = "-Onone";
			};
			name = Debug;
		};
		DD4F111720A048C70004FDEE /* Release */ = {
			isa = XCBuildConfiguration;
			buildSettings = {
				ALWAYS_SEARCH_USER_PATHS = NO;
				CLANG_ANALYZER_NONNULL = YES;
				CLANG_ANALYZER_NUMBER_OBJECT_CONVERSION = YES_AGGRESSIVE;
				CLANG_CXX_LANGUAGE_STANDARD = "gnu++14";
				CLANG_CXX_LIBRARY = "libc++";
				CLANG_ENABLE_MODULES = YES;
				CLANG_ENABLE_OBJC_ARC = YES;
				CLANG_ENABLE_OBJC_WEAK = YES;
				CLANG_WARN_BLOCK_CAPTURE_AUTORELEASING = YES;
				CLANG_WARN_BOOL_CONVERSION = YES;
				CLANG_WARN_COMMA = YES;
				CLANG_WARN_CONSTANT_CONVERSION = YES;
				CLANG_WARN_DEPRECATED_OBJC_IMPLEMENTATIONS = YES;
				CLANG_WARN_DIRECT_OBJC_ISA_USAGE = YES_ERROR;
				CLANG_WARN_DOCUMENTATION_COMMENTS = YES;
				CLANG_WARN_EMPTY_BODY = YES;
				CLANG_WARN_ENUM_CONVERSION = YES;
				CLANG_WARN_INFINITE_RECURSION = YES;
				CLANG_WARN_INT_CONVERSION = YES;
				CLANG_WARN_NON_LITERAL_NULL_CONVERSION = YES;
				CLANG_WARN_OBJC_IMPLICIT_RETAIN_SELF = YES;
				CLANG_WARN_OBJC_LITERAL_CONVERSION = YES;
				CLANG_WARN_OBJC_ROOT_CLASS = YES_ERROR;
				CLANG_WARN_RANGE_LOOP_ANALYSIS = YES;
				CLANG_WARN_STRICT_PROTOTYPES = YES;
				CLANG_WARN_SUSPICIOUS_MOVE = YES;
				CLANG_WARN_UNGUARDED_AVAILABILITY = YES_AGGRESSIVE;
				CLANG_WARN_UNREACHABLE_CODE = YES;
				CLANG_WARN__DUPLICATE_METHOD_MATCH = YES;
				CODE_SIGN_IDENTITY = "iPhone Developer";
				COPY_PHASE_STRIP = NO;
				DEBUG_INFORMATION_FORMAT = "dwarf-with-dsym";
				ENABLE_NS_ASSERTIONS = NO;
				ENABLE_STRICT_OBJC_MSGSEND = YES;
				GCC_C_LANGUAGE_STANDARD = gnu11;
				GCC_NO_COMMON_BLOCKS = YES;
				GCC_WARN_64_TO_32_BIT_CONVERSION = YES;
				GCC_WARN_ABOUT_RETURN_TYPE = YES_ERROR;
				GCC_WARN_UNDECLARED_SELECTOR = YES;
				GCC_WARN_UNINITIALIZED_AUTOS = YES_AGGRESSIVE;
				GCC_WARN_UNUSED_FUNCTION = YES;
				GCC_WARN_UNUSED_VARIABLE = YES;
				IPHONEOS_DEPLOYMENT_TARGET = 11.3;
				MTL_ENABLE_DEBUG_INFO = NO;
				SDKROOT = iphoneos;
				SWIFT_COMPILATION_MODE = wholemodule;
				SWIFT_OPTIMIZATION_LEVEL = "-O";
				VALIDATE_PRODUCT = YES;
			};
			name = Release;
		};
		DD4F111920A048C70004FDEE /* Debug */ = {
			isa = XCBuildConfiguration;
			buildSettings = {
				ASSETCATALOG_COMPILER_APPICON_NAME = AppIcon;
				CODE_SIGN_STYLE = Automatic;
				INFOPLIST_FILE = FacebookActionSheet/Info.plist;
				LD_RUNPATH_SEARCH_PATHS = (
					"$(inherited)",
					"@executable_path/Frameworks",
				);
				PRODUCT_BUNDLE_IDENTIFIER = com.thanathip.FacebookActionSheet;
				PRODUCT_NAME = "$(TARGET_NAME)";
				SWIFT_VERSION = 4.0;
				TARGETED_DEVICE_FAMILY = "1,2";
			};
			name = Debug;
		};
		DD4F111A20A048C70004FDEE /* Release */ = {
			isa = XCBuildConfiguration;
			buildSettings = {
				ASSETCATALOG_COMPILER_APPICON_NAME = AppIcon;
				CODE_SIGN_STYLE = Automatic;
				INFOPLIST_FILE = FacebookActionSheet/Info.plist;
				LD_RUNPATH_SEARCH_PATHS = (
					"$(inherited)",
					"@executable_path/Frameworks",
				);
				PRODUCT_BUNDLE_IDENTIFIER = com.thanathip.FacebookActionSheet;
				PRODUCT_NAME = "$(TARGET_NAME)";
				SWIFT_VERSION = 4.0;
				TARGETED_DEVICE_FAMILY = "1,2";
			};
			name = Release;
		};
		DD4F111C20A048C70004FDEE /* Debug */ = {
			isa = XCBuildConfiguration;
			buildSettings = {
				ALWAYS_EMBED_SWIFT_STANDARD_LIBRARIES = YES;
				BUNDLE_LOADER = "$(TEST_HOST)";
				CODE_SIGN_STYLE = Automatic;
				INFOPLIST_FILE = FacebookActionSheetTests/Info.plist;
				LD_RUNPATH_SEARCH_PATHS = (
					"$(inherited)",
					"@executable_path/Frameworks",
					"@loader_path/Frameworks",
				);
				PRODUCT_BUNDLE_IDENTIFIER = com.thanathip.FacebookActionSheetTests;
				PRODUCT_NAME = "$(TARGET_NAME)";
				SWIFT_VERSION = 4.0;
				TARGETED_DEVICE_FAMILY = "1,2";
				TEST_HOST = "$(BUILT_PRODUCTS_DIR)/FacebookActionSheet.app/FacebookActionSheet";
			};
			name = Debug;
		};
		DD4F111D20A048C70004FDEE /* Release */ = {
			isa = XCBuildConfiguration;
			buildSettings = {
				ALWAYS_EMBED_SWIFT_STANDARD_LIBRARIES = YES;
				BUNDLE_LOADER = "$(TEST_HOST)";
				CODE_SIGN_STYLE = Automatic;
				INFOPLIST_FILE = FacebookActionSheetTests/Info.plist;
				LD_RUNPATH_SEARCH_PATHS = (
					"$(inherited)",
					"@executable_path/Frameworks",
					"@loader_path/Frameworks",
				);
				PRODUCT_BUNDLE_IDENTIFIER = com.thanathip.FacebookActionSheetTests;
				PRODUCT_NAME = "$(TARGET_NAME)";
				SWIFT_VERSION = 4.0;
				TARGETED_DEVICE_FAMILY = "1,2";
				TEST_HOST = "$(BUILT_PRODUCTS_DIR)/FacebookActionSheet.app/FacebookActionSheet";
			};
			name = Release;
		};
		DD4F111F20A048C70004FDEE /* Debug */ = {
			isa = XCBuildConfiguration;
			buildSettings = {
				ALWAYS_EMBED_SWIFT_STANDARD_LIBRARIES = YES;
				CODE_SIGN_STYLE = Automatic;
				INFOPLIST_FILE = FacebookActionSheetUITests/Info.plist;
				LD_RUNPATH_SEARCH_PATHS = (
					"$(inherited)",
					"@executable_path/Frameworks",
					"@loader_path/Frameworks",
				);
				PRODUCT_BUNDLE_IDENTIFIER = com.thanathip.FacebookActionSheetUITests;
				PRODUCT_NAME = "$(TARGET_NAME)";
				SWIFT_VERSION = 4.0;
				TARGETED_DEVICE_FAMILY = "1,2";
				TEST_TARGET_NAME = FacebookActionSheet;
			};
			name = Debug;
		};
		DD4F112020A048C70004FDEE /* Release */ = {
			isa = XCBuildConfiguration;
			buildSettings = {
				ALWAYS_EMBED_SWIFT_STANDARD_LIBRARIES = YES;
				CODE_SIGN_STYLE = Automatic;
				INFOPLIST_FILE = FacebookActionSheetUITests/Info.plist;
				LD_RUNPATH_SEARCH_PATHS = (
					"$(inherited)",
					"@executable_path/Frameworks",
					"@loader_path/Frameworks",
				);
				PRODUCT_BUNDLE_IDENTIFIER = com.thanathip.FacebookActionSheetUITests;
				PRODUCT_NAME = "$(TARGET_NAME)";
				SWIFT_VERSION = 4.0;
				TARGETED_DEVICE_FAMILY = "1,2";
				TEST_TARGET_NAME = FacebookActionSheet;
			};
			name = Release;
		};
/* End XCBuildConfiguration section */

/* Begin XCConfigurationList section */
		DD4F10EB20A048C50004FDEE /* Build configuration list for PBXProject "FacebookActionSheet" */ = {
			isa = XCConfigurationList;
			buildConfigurations = (
				DD4F111620A048C70004FDEE /* Debug */,
				DD4F111720A048C70004FDEE /* Release */,
			);
			defaultConfigurationIsVisible = 0;
			defaultConfigurationName = Release;
		};
		DD4F111820A048C70004FDEE /* Build configuration list for PBXNativeTarget "FacebookActionSheet" */ = {
			isa = XCConfigurationList;
			buildConfigurations = (
				DD4F111920A048C70004FDEE /* Debug */,
				DD4F111A20A048C70004FDEE /* Release */,
			);
			defaultConfigurationIsVisible = 0;
			defaultConfigurationName = Release;
		};
		DD4F111B20A048C70004FDEE /* Build configuration list for PBXNativeTarget "FacebookActionSheetTests" */ = {
			isa = XCConfigurationList;
			buildConfigurations = (
				DD4F111C20A048C70004FDEE /* Debug */,
				DD4F111D20A048C70004FDEE /* Release */,
			);
			defaultConfigurationIsVisible = 0;
			defaultConfigurationName = Release;
		};
		DD4F111E20A048C70004FDEE /* Build configuration list for PBXNativeTarget "FacebookActionSheetUITests" */ = {
			isa = XCConfigurationList;
			buildConfigurations = (
				DD4F111F20A048C70004FDEE /* Debug */,
				DD4F112020A048C70004FDEE /* Release */,
			);
			defaultConfigurationIsVisible = 0;
			defaultConfigurationName = Release;
		};
/* End XCConfigurationList section */
	};
	rootObject = DD4F10E820A048C50004FDEE /* Project object */;
}
